// !$*UTF8*$!
{
	archiveVersion = 1;
	classes = {
	};
	objectVersion = 55;
	objects = {

/* Begin PBXBuildFile section */
		B46A71822893E02D001BA289 /* AppDelegate.swift in Sources */ = {isa = PBXBuildFile; fileRef = B46A71812893E02D001BA289 /* AppDelegate.swift */; };
		B46A71842893E02D001BA289 /* SceneDelegate.swift in Sources */ = {isa = PBXBuildFile; fileRef = B46A71832893E02D001BA289 /* SceneDelegate.swift */; };
		B46A71862893E02D001BA289 /* WeatherViewController.swift in Sources */ = {isa = PBXBuildFile; fileRef = B46A71852893E02D001BA289 /* WeatherViewController.swift */; };
		B46A718C2893E02D001BA289 /* WeatherApp.xcdatamodeld in Sources */ = {isa = PBXBuildFile; fileRef = B46A718A2893E02D001BA289 /* WeatherApp.xcdatamodeld */; };
		B46A718E2893E02F001BA289 /* Assets.xcassets in Resources */ = {isa = PBXBuildFile; fileRef = B46A718D2893E02F001BA289 /* Assets.xcassets */; };
		B46A71912893E02F001BA289 /* LaunchScreen.storyboard in Resources */ = {isa = PBXBuildFile; fileRef = B46A718F2893E02F001BA289 /* LaunchScreen.storyboard */; };
		B482693C2893F845003B3014 /* TitleView.swift in Sources */ = {isa = PBXBuildFile; fileRef = B482693B2893F845003B3014 /* TitleView.swift */; };
		B482693E2893F857003B3014 /* CustomView.swift in Sources */ = {isa = PBXBuildFile; fileRef = B482693D2893F857003B3014 /* CustomView.swift */; };
		B48269402893F865003B3014 /* CustomViewController.swift in Sources */ = {isa = PBXBuildFile; fileRef = B482693F2893F865003B3014 /* CustomViewController.swift */; };
		B48269472893F8E0003B3014 /* WeatherTitleView.swift in Sources */ = {isa = PBXBuildFile; fileRef = B48269462893F8E0003B3014 /* WeatherTitleView.swift */; };
		B48269492893FAEF003B3014 /* WeatherBackgroundView.swift in Sources */ = {isa = PBXBuildFile; fileRef = B48269482893FAEF003B3014 /* WeatherBackgroundView.swift */; };
		B482694D28967BEB003B3014 /* TodayWeatherView.swift in Sources */ = {isa = PBXBuildFile; fileRef = B482694C28967BEB003B3014 /* TodayWeatherView.swift */; };
		B482694F28967D99003B3014 /* TodayWeatherCell.swift in Sources */ = {isa = PBXBuildFile; fileRef = B482694E28967D99003B3014 /* TodayWeatherCell.swift */; };
		B482695128967DEB003B3014 /* CustomCollectionViewCell.swift in Sources */ = {isa = PBXBuildFile; fileRef = B482695028967DEB003B3014 /* CustomCollectionViewCell.swift */; };
		B4826954289681EA003B3014 /* CustomCollectionReusableView.swift in Sources */ = {isa = PBXBuildFile; fileRef = B4826953289681EA003B3014 /* CustomCollectionReusableView.swift */; };
		B48269572896824E003B3014 /* WeatherDayReusableView.swift in Sources */ = {isa = PBXBuildFile; fileRef = B48269562896824E003B3014 /* WeatherDayReusableView.swift */; };
		B482695928968278003B3014 /* WeatherDayView.swift in Sources */ = {isa = PBXBuildFile; fileRef = B482695828968278003B3014 /* WeatherDayView.swift */; };
		B482695B2896896E003B3014 /* WeatherDayCell.swift in Sources */ = {isa = PBXBuildFile; fileRef = B482695A2896896E003B3014 /* WeatherDayCell.swift */; };
		B482695D2896947E003B3014 /* WeatherViewViewModel.swift in Sources */ = {isa = PBXBuildFile; fileRef = B482695C2896947E003B3014 /* WeatherViewViewModel.swift */; };
		B482695F28969A20003B3014 /* TodayWeatherDetail.swift in Sources */ = {isa = PBXBuildFile; fileRef = B482695E28969A20003B3014 /* TodayWeatherDetail.swift */; };
		B482696228969A3B003B3014 /* HourlyWeatherDetail.swift in Sources */ = {isa = PBXBuildFile; fileRef = B482696128969A3B003B3014 /* HourlyWeatherDetail.swift */; };
		B482696428969A47003B3014 /* WeatherDetail.swift in Sources */ = {isa = PBXBuildFile; fileRef = B482696328969A47003B3014 /* WeatherDetail.swift */; };
		B482696828969AD1003B3014 /* WeatherManager.swift in Sources */ = {isa = PBXBuildFile; fileRef = B482696728969AD1003B3014 /* WeatherManager.swift */; };
		B482696A28969EBC003B3014 /* CurrentWeather.swift in Sources */ = {isa = PBXBuildFile; fileRef = B482696928969EBC003B3014 /* CurrentWeather.swift */; };
		B482696E28969EDA003B3014 /* CityDetail.swift in Sources */ = {isa = PBXBuildFile; fileRef = B482696D28969EDA003B3014 /* CityDetail.swift */; };
		B482697028969EEB003B3014 /* WeatherManagerError.swift in Sources */ = {isa = PBXBuildFile; fileRef = B482696F28969EEB003B3014 /* WeatherManagerError.swift */; };
		B482697328969F28003B3014 /* APIService.swift in Sources */ = {isa = PBXBuildFile; fileRef = B482697228969F28003B3014 /* APIService.swift */; };
		B48269752896A63A003B3014 /* DailyWeather.swift in Sources */ = {isa = PBXBuildFile; fileRef = B48269742896A63A003B3014 /* DailyWeather.swift */; };
		B48269772896A7A4003B3014 /* HourlyForecast.swift in Sources */ = {isa = PBXBuildFile; fileRef = B48269762896A7A4003B3014 /* HourlyForecast.swift */; };
/* End PBXBuildFile section */

/* Begin PBXFileReference section */
		B46A717E2893E02D001BA289 /* WeatherApp.app */ = {isa = PBXFileReference; explicitFileType = wrapper.application; includeInIndex = 0; path = WeatherApp.app; sourceTree = BUILT_PRODUCTS_DIR; };
		B46A71812893E02D001BA289 /* AppDelegate.swift */ = {isa = PBXFileReference; lastKnownFileType = sourcecode.swift; path = AppDelegate.swift; sourceTree = "<group>"; };
		B46A71832893E02D001BA289 /* SceneDelegate.swift */ = {isa = PBXFileReference; lastKnownFileType = sourcecode.swift; path = SceneDelegate.swift; sourceTree = "<group>"; };
		B46A71852893E02D001BA289 /* WeatherViewController.swift */ = {isa = PBXFileReference; lastKnownFileType = sourcecode.swift; path = WeatherViewController.swift; sourceTree = "<group>"; };
		B46A718B2893E02D001BA289 /* WeatherApp.xcdatamodel */ = {isa = PBXFileReference; lastKnownFileType = wrapper.xcdatamodel; path = WeatherApp.xcdatamodel; sourceTree = "<group>"; };
		B46A718D2893E02F001BA289 /* Assets.xcassets */ = {isa = PBXFileReference; lastKnownFileType = folder.assetcatalog; path = Assets.xcassets; sourceTree = "<group>"; };
		B46A71902893E02F001BA289 /* Base */ = {isa = PBXFileReference; lastKnownFileType = file.storyboard; name = Base; path = Base.lproj/LaunchScreen.storyboard; sourceTree = "<group>"; };
		B46A71922893E02F001BA289 /* Info.plist */ = {isa = PBXFileReference; lastKnownFileType = text.plist.xml; path = Info.plist; sourceTree = "<group>"; };
		B482693B2893F845003B3014 /* TitleView.swift */ = {isa = PBXFileReference; lastKnownFileType = sourcecode.swift; path = TitleView.swift; sourceTree = "<group>"; };
		B482693D2893F857003B3014 /* CustomView.swift */ = {isa = PBXFileReference; lastKnownFileType = sourcecode.swift; path = CustomView.swift; sourceTree = "<group>"; };
		B482693F2893F865003B3014 /* CustomViewController.swift */ = {isa = PBXFileReference; lastKnownFileType = sourcecode.swift; path = CustomViewController.swift; sourceTree = "<group>"; };
		B48269462893F8E0003B3014 /* WeatherTitleView.swift */ = {isa = PBXFileReference; lastKnownFileType = sourcecode.swift; path = WeatherTitleView.swift; sourceTree = "<group>"; };
		B48269482893FAEF003B3014 /* WeatherBackgroundView.swift */ = {isa = PBXFileReference; lastKnownFileType = sourcecode.swift; path = WeatherBackgroundView.swift; sourceTree = "<group>"; };
		B482694C28967BEB003B3014 /* TodayWeatherView.swift */ = {isa = PBXFileReference; lastKnownFileType = sourcecode.swift; path = TodayWeatherView.swift; sourceTree = "<group>"; };
		B482694E28967D99003B3014 /* TodayWeatherCell.swift */ = {isa = PBXFileReference; lastKnownFileType = sourcecode.swift; path = TodayWeatherCell.swift; sourceTree = "<group>"; };
		B482695028967DEB003B3014 /* CustomCollectionViewCell.swift */ = {isa = PBXFileReference; lastKnownFileType = sourcecode.swift; path = CustomCollectionViewCell.swift; sourceTree = "<group>"; };
		B4826953289681EA003B3014 /* CustomCollectionReusableView.swift */ = {isa = PBXFileReference; lastKnownFileType = sourcecode.swift; path = CustomCollectionReusableView.swift; sourceTree = "<group>"; };
		B48269562896824E003B3014 /* WeatherDayReusableView.swift */ = {isa = PBXFileReference; lastKnownFileType = sourcecode.swift; path = WeatherDayReusableView.swift; sourceTree = "<group>"; };
		B482695828968278003B3014 /* WeatherDayView.swift */ = {isa = PBXFileReference; lastKnownFileType = sourcecode.swift; path = WeatherDayView.swift; sourceTree = "<group>"; };
		B482695A2896896E003B3014 /* WeatherDayCell.swift */ = {isa = PBXFileReference; lastKnownFileType = sourcecode.swift; path = WeatherDayCell.swift; sourceTree = "<group>"; };
		B482695C2896947E003B3014 /* WeatherViewViewModel.swift */ = {isa = PBXFileReference; lastKnownFileType = sourcecode.swift; path = WeatherViewViewModel.swift; sourceTree = "<group>"; };
		B482695E28969A20003B3014 /* TodayWeatherDetail.swift */ = {isa = PBXFileReference; lastKnownFileType = sourcecode.swift; path = TodayWeatherDetail.swift; sourceTree = "<group>"; };
		B482696128969A3B003B3014 /* HourlyWeatherDetail.swift */ = {isa = PBXFileReference; lastKnownFileType = sourcecode.swift; path = HourlyWeatherDetail.swift; sourceTree = "<group>"; };
		B482696328969A47003B3014 /* WeatherDetail.swift */ = {isa = PBXFileReference; lastKnownFileType = sourcecode.swift; path = WeatherDetail.swift; sourceTree = "<group>"; };
		B482696728969AD1003B3014 /* WeatherManager.swift */ = {isa = PBXFileReference; lastKnownFileType = sourcecode.swift; path = WeatherManager.swift; sourceTree = "<group>"; };
		B482696928969EBC003B3014 /* CurrentWeather.swift */ = {isa = PBXFileReference; lastKnownFileType = sourcecode.swift; path = CurrentWeather.swift; sourceTree = "<group>"; };
		B482696D28969EDA003B3014 /* CityDetail.swift */ = {isa = PBXFileReference; lastKnownFileType = sourcecode.swift; path = CityDetail.swift; sourceTree = "<group>"; };
		B482696F28969EEB003B3014 /* WeatherManagerError.swift */ = {isa = PBXFileReference; lastKnownFileType = sourcecode.swift; path = WeatherManagerError.swift; sourceTree = "<group>"; };
		B482697228969F28003B3014 /* APIService.swift */ = {isa = PBXFileReference; lastKnownFileType = sourcecode.swift; path = APIService.swift; sourceTree = "<group>"; };
		B48269742896A63A003B3014 /* DailyWeather.swift */ = {isa = PBXFileReference; lastKnownFileType = sourcecode.swift; path = DailyWeather.swift; sourceTree = "<group>"; };
		B48269762896A7A4003B3014 /* HourlyForecast.swift */ = {isa = PBXFileReference; lastKnownFileType = sourcecode.swift; path = HourlyForecast.swift; sourceTree = "<group>"; };
/* End PBXFileReference section */

/* Begin PBXFrameworksBuildPhase section */
		B46A717B2893E02D001BA289 /* Frameworks */ = {
			isa = PBXFrameworksBuildPhase;
			buildActionMask = 2147483647;
			files = (
			);
			runOnlyForDeploymentPostprocessing = 0;
		};
/* End PBXFrameworksBuildPhase section */

/* Begin PBXGroup section */
		B46A71752893E02D001BA289 = {
			isa = PBXGroup;
			children = (
				B46A71802893E02D001BA289 /* WeatherApp */,
				B46A717F2893E02D001BA289 /* Products */,
			);
			sourceTree = "<group>";
		};
		B46A717F2893E02D001BA289 /* Products */ = {
			isa = PBXGroup;
			children = (
				B46A717E2893E02D001BA289 /* WeatherApp.app */,
			);
			name = Products;
			sourceTree = "<group>";
		};
		B46A71802893E02D001BA289 /* WeatherApp */ = {
			isa = PBXGroup;
			children = (
				B46A71812893E02D001BA289 /* AppDelegate.swift */,
				B46A71832893E02D001BA289 /* SceneDelegate.swift */,
				B48269422893F899003B3014 /* Screens */,
				B48269432893F8A0003B3014 /* Helpers */,
				B46A718D2893E02F001BA289 /* Assets.xcassets */,
				B46A718F2893E02F001BA289 /* LaunchScreen.storyboard */,
				B46A71922893E02F001BA289 /* Info.plist */,
				B46A718A2893E02D001BA289 /* WeatherApp.xcdatamodeld */,
			);
			path = WeatherApp;
			sourceTree = "<group>";
		};
		B48269412893F87F003B3014 /* Weather Screen */ = {
			isa = PBXGroup;
			children = (
				B482696028969A24003B3014 /* Models */,
				B482695C2896947E003B3014 /* WeatherViewViewModel.swift */,
				B46A71852893E02D001BA289 /* WeatherViewController.swift */,
				B482694B2893FB0A003B3014 /* Views */,
			);
			path = "Weather Screen";
			sourceTree = "<group>";
		};
		B48269422893F899003B3014 /* Screens */ = {
			isa = PBXGroup;
			children = (
				B48269412893F87F003B3014 /* Weather Screen */,
			);
			path = Screens;
			sourceTree = "<group>";
		};
		B48269432893F8A0003B3014 /* Helpers */ = {
			isa = PBXGroup;
			children = (
				B482696628969AC2003B3014 /* Services */,
				B482695228967E24003B3014 /* Cells */,
				B48269452893F8D1003B3014 /* Controllers */,
				B48269442893F8CC003B3014 /* Views */,
				B482695528968229003B3014 /* ReusableViews */,
			);
			path = Helpers;
			sourceTree = "<group>";
		};
		B48269442893F8CC003B3014 /* Views */ = {
			isa = PBXGroup;
			children = (
				B482693D2893F857003B3014 /* CustomView.swift */,
				B482693B2893F845003B3014 /* TitleView.swift */,
			);
			path = Views;
			sourceTree = "<group>";
		};
		B48269452893F8D1003B3014 /* Controllers */ = {
			isa = PBXGroup;
			children = (
				B482693F2893F865003B3014 /* CustomViewController.swift */,
			);
			path = Controllers;
			sourceTree = "<group>";
		};
		B482694B2893FB0A003B3014 /* Views */ = {
			isa = PBXGroup;
			children = (
				B48269462893F8E0003B3014 /* WeatherTitleView.swift */,
				B48269482893FAEF003B3014 /* WeatherBackgroundView.swift */,
				B482694C28967BEB003B3014 /* TodayWeatherView.swift */,
				B482694E28967D99003B3014 /* TodayWeatherCell.swift */,
				B48269562896824E003B3014 /* WeatherDayReusableView.swift */,
				B482695828968278003B3014 /* WeatherDayView.swift */,
				B482695A2896896E003B3014 /* WeatherDayCell.swift */,
			);
			path = Views;
			sourceTree = "<group>";
		};
		B482695228967E24003B3014 /* Cells */ = {
			isa = PBXGroup;
			children = (
				B482695028967DEB003B3014 /* CustomCollectionViewCell.swift */,
			);
			path = Cells;
			sourceTree = "<group>";
		};
		B482695528968229003B3014 /* ReusableViews */ = {
			isa = PBXGroup;
			children = (
				B4826953289681EA003B3014 /* CustomCollectionReusableView.swift */,
			);
			path = ReusableViews;
			sourceTree = "<group>";
		};
		B482696028969A24003B3014 /* Models */ = {
			isa = PBXGroup;
			children = (
				B482695E28969A20003B3014 /* TodayWeatherDetail.swift */,
				B482696128969A3B003B3014 /* HourlyWeatherDetail.swift */,
				B482696328969A47003B3014 /* WeatherDetail.swift */,
			);
			path = Models;
			sourceTree = "<group>";
		};
		B482696628969AC2003B3014 /* Services */ = {
			isa = PBXGroup;
			children = (
				B482697128969F1E003B3014 /* APIService */,
				B482696C28969ECB003B3014 /* WeatherManager */,
			);
			path = Services;
			sourceTree = "<group>";
		};
		B482696B28969EC1003B3014 /* Models */ = {
			isa = PBXGroup;
			children = (
				B482696928969EBC003B3014 /* CurrentWeather.swift */,
				B482696D28969EDA003B3014 /* CityDetail.swift */,
				B48269742896A63A003B3014 /* DailyWeather.swift */,
				B48269762896A7A4003B3014 /* HourlyForecast.swift */,
				B482696F28969EEB003B3014 /* WeatherManagerError.swift */,
			);
			path = Models;
			sourceTree = "<group>";
		};
		B482696C28969ECB003B3014 /* WeatherManager */ = {
			isa = PBXGroup;
			children = (
				B482696728969AD1003B3014 /* WeatherManager.swift */,
				B482696B28969EC1003B3014 /* Models */,
			);
			path = WeatherManager;
			sourceTree = "<group>";
		};
		B482697128969F1E003B3014 /* APIService */ = {
			isa = PBXGroup;
			children = (
				B482697228969F28003B3014 /* APIService.swift */,
			);
			path = APIService;
			sourceTree = "<group>";
		};
/* End PBXGroup section */

/* Begin PBXNativeTarget section */
		B46A717D2893E02D001BA289 /* WeatherApp */ = {
			isa = PBXNativeTarget;
			buildConfigurationList = B46A71952893E02F001BA289 /* Build configuration list for PBXNativeTarget "WeatherApp" */;
			buildPhases = (
				B46A717A2893E02D001BA289 /* Sources */,
				B46A717B2893E02D001BA289 /* Frameworks */,
				B46A717C2893E02D001BA289 /* Resources */,
			);
			buildRules = (
			);
			dependencies = (
			);
			name = WeatherApp;
			productName = WeatherApp;
			productReference = B46A717E2893E02D001BA289 /* WeatherApp.app */;
			productType = "com.apple.product-type.application";
		};
/* End PBXNativeTarget section */

/* Begin PBXProject section */
		B46A71762893E02D001BA289 /* Project object */ = {
			isa = PBXProject;
			attributes = {
				BuildIndependentTargetsInParallel = 1;
				LastSwiftUpdateCheck = 1340;
				LastUpgradeCheck = 1340;
				TargetAttributes = {
					B46A717D2893E02D001BA289 = {
						CreatedOnToolsVersion = 13.4.1;
					};
				};
			};
			buildConfigurationList = B46A71792893E02D001BA289 /* Build configuration list for PBXProject "WeatherApp" */;
			compatibilityVersion = "Xcode 13.0";
			developmentRegion = en;
			hasScannedForEncodings = 0;
			knownRegions = (
				en,
				Base,
			);
			mainGroup = B46A71752893E02D001BA289;
			productRefGroup = B46A717F2893E02D001BA289 /* Products */;
			projectDirPath = "";
			projectRoot = "";
			targets = (
				B46A717D2893E02D001BA289 /* WeatherApp */,
			);
		};
/* End PBXProject section */

/* Begin PBXResourcesBuildPhase section */
		B46A717C2893E02D001BA289 /* Resources */ = {
			isa = PBXResourcesBuildPhase;
			buildActionMask = 2147483647;
			files = (
				B46A71912893E02F001BA289 /* LaunchScreen.storyboard in Resources */,
				B46A718E2893E02F001BA289 /* Assets.xcassets in Resources */,
			);
			runOnlyForDeploymentPostprocessing = 0;
		};
/* End PBXResourcesBuildPhase section */

/* Begin PBXSourcesBuildPhase section */
		B46A717A2893E02D001BA289 /* Sources */ = {
			isa = PBXSourcesBuildPhase;
			buildActionMask = 2147483647;
			files = (
				B4826954289681EA003B3014 /* CustomCollectionReusableView.swift in Sources */,
				B482697328969F28003B3014 /* APIService.swift in Sources */,
				B482696428969A47003B3014 /* WeatherDetail.swift in Sources */,
				B482695F28969A20003B3014 /* TodayWeatherDetail.swift in Sources */,
				B48269752896A63A003B3014 /* DailyWeather.swift in Sources */,
				B482696828969AD1003B3014 /* WeatherManager.swift in Sources */,
				B46A718C2893E02D001BA289 /* WeatherApp.xcdatamodeld in Sources */,
				B482694D28967BEB003B3014 /* TodayWeatherView.swift in Sources */,
				B48269402893F865003B3014 /* CustomViewController.swift in Sources */,
				B46A71862893E02D001BA289 /* WeatherViewController.swift in Sources */,
				B48269492893FAEF003B3014 /* WeatherBackgroundView.swift in Sources */,
				B482697028969EEB003B3014 /* WeatherManagerError.swift in Sources */,
				B48269572896824E003B3014 /* WeatherDayReusableView.swift in Sources */,
				B46A71822893E02D001BA289 /* AppDelegate.swift in Sources */,
				B482693E2893F857003B3014 /* CustomView.swift in Sources */,
				B48269772896A7A4003B3014 /* HourlyForecast.swift in Sources */,
				B482695128967DEB003B3014 /* CustomCollectionViewCell.swift in Sources */,
				B482696228969A3B003B3014 /* HourlyWeatherDetail.swift in Sources */,
				B482696E28969EDA003B3014 /* CityDetail.swift in Sources */,
				B482696A28969EBC003B3014 /* CurrentWeather.swift in Sources */,
				B46A71842893E02D001BA289 /* SceneDelegate.swift in Sources */,
				B48269472893F8E0003B3014 /* WeatherTitleView.swift in Sources */,
				B482694F28967D99003B3014 /* TodayWeatherCell.swift in Sources */,
				B482695B2896896E003B3014 /* WeatherDayCell.swift in Sources */,
				B482693C2893F845003B3014 /* TitleView.swift in Sources */,
				B482695928968278003B3014 /* WeatherDayView.swift in Sources */,
				B482695D2896947E003B3014 /* WeatherViewViewModel.swift in Sources */,
			);
			runOnlyForDeploymentPostprocessing = 0;
		};
/* End PBXSourcesBuildPhase section */

/* Begin PBXVariantGroup section */
		B46A718F2893E02F001BA289 /* LaunchScreen.storyboard */ = {
			isa = PBXVariantGroup;
			children = (
				B46A71902893E02F001BA289 /* Base */,
			);
			name = LaunchScreen.storyboard;
			sourceTree = "<group>";
		};
/* End PBXVariantGroup section */

/* Begin XCBuildConfiguration section */
		B46A71932893E02F001BA289 /* Debug */ = {
			isa = XCBuildConfiguration;
			buildSettings = {
				ALWAYS_SEARCH_USER_PATHS = NO;
				CLANG_ANALYZER_NONNULL = YES;
				CLANG_ANALYZER_NUMBER_OBJECT_CONVERSION = YES_AGGRESSIVE;
				CLANG_CXX_LANGUAGE_STANDARD = "gnu++17";
				CLANG_ENABLE_MODULES = YES;
				CLANG_ENABLE_OBJC_ARC = YES;
				CLANG_ENABLE_OBJC_WEAK = YES;
				CLANG_WARN_BLOCK_CAPTURE_AUTORELEASING = YES;
				CLANG_WARN_BOOL_CONVERSION = YES;
				CLANG_WARN_COMMA = YES;
				CLANG_WARN_CONSTANT_CONVERSION = YES;
				CLANG_WARN_DEPRECATED_OBJC_IMPLEMENTATIONS = YES;
				CLANG_WARN_DIRECT_OBJC_ISA_USAGE = YES_ERROR;
				CLANG_WARN_DOCUMENTATION_COMMENTS = YES;
				CLANG_WARN_EMPTY_BODY = YES;
				CLANG_WARN_ENUM_CONVERSION = YES;
				CLANG_WARN_INFINITE_RECURSION = YES;
				CLANG_WARN_INT_CONVERSION = YES;
				CLANG_WARN_NON_LITERAL_NULL_CONVERSION = YES;
				CLANG_WARN_OBJC_IMPLICIT_RETAIN_SELF = YES;
				CLANG_WARN_OBJC_LITERAL_CONVERSION = YES;
				CLANG_WARN_OBJC_ROOT_CLASS = YES_ERROR;
				CLANG_WARN_QUOTED_INCLUDE_IN_FRAMEWORK_HEADER = YES;
				CLANG_WARN_RANGE_LOOP_ANALYSIS = YES;
				CLANG_WARN_STRICT_PROTOTYPES = YES;
				CLANG_WARN_SUSPICIOUS_MOVE = YES;
				CLANG_WARN_UNGUARDED_AVAILABILITY = YES_AGGRESSIVE;
				CLANG_WARN_UNREACHABLE_CODE = YES;
				CLANG_WARN__DUPLICATE_METHOD_MATCH = YES;
				COPY_PHASE_STRIP = NO;
				DEBUG_INFORMATION_FORMAT = dwarf;
				ENABLE_STRICT_OBJC_MSGSEND = YES;
				ENABLE_TESTABILITY = YES;
				GCC_C_LANGUAGE_STANDARD = gnu11;
				GCC_DYNAMIC_NO_PIC = NO;
				GCC_NO_COMMON_BLOCKS = YES;
				GCC_OPTIMIZATION_LEVEL = 0;
				GCC_PREPROCESSOR_DEFINITIONS = (
					"DEBUG=1",
					"$(inherited)",
				);
				GCC_WARN_64_TO_32_BIT_CONVERSION = YES;
				GCC_WARN_ABOUT_RETURN_TYPE = YES_ERROR;
				GCC_WARN_UNDECLARED_SELECTOR = YES;
				GCC_WARN_UNINITIALIZED_AUTOS = YES_AGGRESSIVE;
				GCC_WARN_UNUSED_FUNCTION = YES;
				GCC_WARN_UNUSED_VARIABLE = YES;
				IPHONEOS_DEPLOYMENT_TARGET = 15.5;
				MTL_ENABLE_DEBUG_INFO = INCLUDE_SOURCE;
				MTL_FAST_MATH = YES;
				ONLY_ACTIVE_ARCH = YES;
				SDKROOT = iphoneos;
				SWIFT_ACTIVE_COMPILATION_CONDITIONS = DEBUG;
				SWIFT_OPTIMIZATION_LEVEL = "-Onone";
			};
			name = Debug;
		};
		B46A71942893E02F001BA289 /* Release */ = {
			isa = XCBuildConfiguration;
			buildSettings = {
				ALWAYS_SEARCH_USER_PATHS = NO;
				CLANG_ANALYZER_NONNULL = YES;
				CLANG_ANALYZER_NUMBER_OBJECT_CONVERSION = YES_AGGRESSIVE;
				CLANG_CXX_LANGUAGE_STANDARD = "gnu++17";
				CLANG_ENABLE_MODULES = YES;
				CLANG_ENABLE_OBJC_ARC = YES;
				CLANG_ENABLE_OBJC_WEAK = YES;
				CLANG_WARN_BLOCK_CAPTURE_AUTORELEASING = YES;
				CLANG_WARN_BOOL_CONVERSION = YES;
				CLANG_WARN_COMMA = YES;
				CLANG_WARN_CONSTANT_CONVERSION = YES;
				CLANG_WARN_DEPRECATED_OBJC_IMPLEMENTATIONS = YES;
				CLANG_WARN_DIRECT_OBJC_ISA_USAGE = YES_ERROR;
				CLANG_WARN_DOCUMENTATION_COMMENTS = YES;
				CLANG_WARN_EMPTY_BODY = YES;
				CLANG_WARN_ENUM_CONVERSION = YES;
				CLANG_WARN_INFINITE_RECURSION = YES;
				CLANG_WARN_INT_CONVERSION = YES;
				CLANG_WARN_NON_LITERAL_NULL_CONVERSION = YES;
				CLANG_WARN_OBJC_IMPLICIT_RETAIN_SELF = YES;
				CLANG_WARN_OBJC_LITERAL_CONVERSION = YES;
				CLANG_WARN_OBJC_ROOT_CLASS = YES_ERROR;
				CLANG_WARN_QUOTED_INCLUDE_IN_FRAMEWORK_HEADER = YES;
				CLANG_WARN_RANGE_LOOP_ANALYSIS = YES;
				CLANG_WARN_STRICT_PROTOTYPES = YES;
				CLANG_WARN_SUSPICIOUS_MOVE = YES;
				CLANG_WARN_UNGUARDED_AVAILABILITY = YES_AGGRESSIVE;
				CLANG_WARN_UNREACHABLE_CODE = YES;
				CLANG_WARN__DUPLICATE_METHOD_MATCH = YES;
				COPY_PHASE_STRIP = NO;
				DEBUG_INFORMATION_FORMAT = "dwarf-with-dsym";
				ENABLE_NS_ASSERTIONS = NO;
				ENABLE_STRICT_OBJC_MSGSEND = YES;
				GCC_C_LANGUAGE_STANDARD = gnu11;
				GCC_NO_COMMON_BLOCKS = YES;
				GCC_WARN_64_TO_32_BIT_CONVERSION = YES;
				GCC_WARN_ABOUT_RETURN_TYPE = YES_ERROR;
				GCC_WARN_UNDECLARED_SELECTOR = YES;
				GCC_WARN_UNINITIALIZED_AUTOS = YES_AGGRESSIVE;
				GCC_WARN_UNUSED_FUNCTION = YES;
				GCC_WARN_UNUSED_VARIABLE = YES;
				IPHONEOS_DEPLOYMENT_TARGET = 15.5;
				MTL_ENABLE_DEBUG_INFO = NO;
				MTL_FAST_MATH = YES;
				SDKROOT = iphoneos;
				SWIFT_COMPILATION_MODE = wholemodule;
				SWIFT_OPTIMIZATION_LEVEL = "-O";
				VALIDATE_PRODUCT = YES;
			};
			name = Release;
		};
		B46A71962893E02F001BA289 /* Debug */ = {
			isa = XCBuildConfiguration;
			buildSettings = {
				ASSETCATALOG_COMPILER_APPICON_NAME = AppIcon;
				ASSETCATALOG_COMPILER_GLOBAL_ACCENT_COLOR_NAME = AccentColor;
				CODE_SIGN_STYLE = Automatic;
				CURRENT_PROJECT_VERSION = 1;
				DEVELOPMENT_TEAM = 4YZDJM5F99;
				GENERATE_INFOPLIST_FILE = YES;
				INFOPLIST_FILE = WeatherApp/Info.plist;
				INFOPLIST_KEY_UIApplicationSupportsIndirectInputEvents = YES;
				INFOPLIST_KEY_UILaunchStoryboardName = LaunchScreen;
				INFOPLIST_KEY_UISupportedInterfaceOrientations = UIInterfaceOrientationPortrait;
				INFOPLIST_KEY_UISupportedInterfaceOrientations_iPad = "UIInterfaceOrientationPortrait UIInterfaceOrientationPortraitUpsideDown UIInterfaceOrientationLandscapeLeft UIInterfaceOrientationLandscapeRight";
				INFOPLIST_KEY_UISupportedInterfaceOrientations_iPhone = "UIInterfaceOrientationPortrait UIInterfaceOrientationLandscapeLeft UIInterfaceOrientationLandscapeRight";
				LD_RUNPATH_SEARCH_PATHS = (
					"$(inherited)",
					"@executable_path/Frameworks",
				);
				MARKETING_VERSION = 1.0;
				PRODUCT_BUNDLE_IDENTIFIER = dev.UnKn0wnY3t.WeatherApp;
				PRODUCT_NAME = "$(TARGET_NAME)";
				SWIFT_EMIT_LOC_STRINGS = YES;
				SWIFT_VERSION = 5.0;
				TARGETED_DEVICE_FAMILY = 1;
			};
			name = Debug;
		};
		B46A71972893E02F001BA289 /* Release */ = {
			isa = XCBuildConfiguration;
			buildSettings = {
				ASSETCATALOG_COMPILER_APPICON_NAME = AppIcon;
				ASSETCATALOG_COMPILER_GLOBAL_ACCENT_COLOR_NAME = AccentColor;
				CODE_SIGN_STYLE = Automatic;
				CURRENT_PROJECT_VERSION = 1;
				DEVELOPMENT_TEAM = 4YZDJM5F99;
				GENERATE_INFOPLIST_FILE = YES;
				INFOPLIST_FILE = WeatherApp/Info.plist;
				INFOPLIST_KEY_UIApplicationSupportsIndirectInputEvents = YES;
				INFOPLIST_KEY_UILaunchStoryboardName = LaunchScreen;
				INFOPLIST_KEY_UISupportedInterfaceOrientations = UIInterfaceOrientationPortrait;
				INFOPLIST_KEY_UISupportedInterfaceOrientations_iPad = "UIInterfaceOrientationPortrait UIInterfaceOrientationPortraitUpsideDown UIInterfaceOrientationLandscapeLeft UIInterfaceOrientationLandscapeRight";
				INFOPLIST_KEY_UISupportedInterfaceOrientations_iPhone = "UIInterfaceOrientationPortrait UIInterfaceOrientationLandscapeLeft UIInterfaceOrientationLandscapeRight";
				LD_RUNPATH_SEARCH_PATHS = (
					"$(inherited)",
					"@executable_path/Frameworks",
				);
				MARKETING_VERSION = 1.0;
				PRODUCT_BUNDLE_IDENTIFIER = dev.UnKn0wnY3t.WeatherApp;
				PRODUCT_NAME = "$(TARGET_NAME)";
				SWIFT_EMIT_LOC_STRINGS = YES;
				SWIFT_VERSION = 5.0;
				TARGETED_DEVICE_FAMILY = 1;
			};
			name = Release;
		};
/* End XCBuildConfiguration section */

/* Begin XCConfigurationList section */
		B46A71792893E02D001BA289 /* Build configuration list for PBXProject "WeatherApp" */ = {
			isa = XCConfigurationList;
			buildConfigurations = (
				B46A71932893E02F001BA289 /* Debug */,
				B46A71942893E02F001BA289 /* Release */,
			);
			defaultConfigurationIsVisible = 0;
			defaultConfigurationName = Release;
		};
		B46A71952893E02F001BA289 /* Build configuration list for PBXNativeTarget "WeatherApp" */ = {
			isa = XCConfigurationList;
			buildConfigurations = (
				B46A71962893E02F001BA289 /* Debug */,
				B46A71972893E02F001BA289 /* Release */,
			);
			defaultConfigurationIsVisible = 0;
			defaultConfigurationName = Release;
		};
/* End XCConfigurationList section */

/* Begin XCVersionGroup section */
		B46A718A2893E02D001BA289 /* WeatherApp.xcdatamodeld */ = {
			isa = XCVersionGroup;
			children = (
				B46A718B2893E02D001BA289 /* WeatherApp.xcdatamodel */,
			);
			currentVersion = B46A718B2893E02D001BA289 /* WeatherApp.xcdatamodel */;
			path = WeatherApp.xcdatamodeld;
			sourceTree = "<group>";
			versionGroupType = wrapper.xcdatamodel;
		};
/* End XCVersionGroup section */
	};
	rootObject = B46A71762893E02D001BA289 /* Project object */;
}
